
Microsoft Visual Studio Solution File, Format Version 12.00
# Visual Studio 14
VisualStudioVersion = 14.0.25420.1
MinimumVisualStudioVersion = 10.0.40219.1
Project("{FAE04EC0-301F-11D3-BF4B-00C04F79EFBC}") = "ProjectManagement.DAL", "ProjectManagement.DAL\ProjectManagement.DAL.csproj", "{3FE828FE-FDB7-4F3F-8ADD-8A564699694A}"
EndProject
Project("{FAE04EC0-301F-11D3-BF4B-00C04F79EFBC}") = "ProjectManagement.DAL.Interface", "ProjectManagement.DAL.Interfacies\ProjectManagement.DAL.Interface.csproj", "{374C9C07-000C-40C7-88FA-A41F79618D61}"
EndProject
Project("{FAE04EC0-301F-11D3-BF4B-00C04F79EFBC}") = "ProjectManagement.BLL", "ProjectManagement.BLL\ProjectManagement.BLL.csproj", "{3F348C19-DC0E-4E3E-87E7-BD2B74A34532}"
EndProject
Project("{FAE04EC0-301F-11D3-BF4B-00C04F79EFBC}") = "ProjectManagement.BLL.Interface", "ProjectManagement.BLL.Interfacies\ProjectManagement.BLL.Interface.csproj", "{A9A97254-B95F-4CFB-A751-1A65A9F2F2AA}"
EndProject
Project("{FAE04EC0-301F-11D3-BF4B-00C04F79EFBC}") = "ProjectManagement.AspNetMvc.PL", "ProjectManagement.AspNetMvc.PL\ProjectManagement.AspNetMvc.PL.csproj", "{80139551-1826-42AC-B141-3F0CA5DB27B0}"
EndProject
Project("{FAE04EC0-301F-11D3-BF4B-00C04F79EFBC}") = "ProjectManagement.ORM", "ProjectManagement.ORM\ProjectManagement.ORM.csproj", "{1A871E01-D8F1-4D70-9811-278A577D35A7}"
EndProject
Project("{FAE04EC0-301F-11D3-BF4B-00C04F79EFBC}") = "ProjectManagement.DependencyResolver", "ProjectManagement.DependencyResolver\ProjectManagement.DependencyResolver.csproj", "{A8C1512E-2E37-42AC-8F3C-756F37D2A378}"
EndProject
Project("{FAE04EC0-301F-11D3-BF4B-00C04F79EFBC}") = "ProjectManagement.Logger", "ProjectManagement.Logger\ProjectManagement.Logger.csproj", "{12571D29-3298-44BF-BE0C-9B114C9729DE}"
EndProject
Project("{FAE04EC0-301F-11D3-BF4B-00C04F79EFBC}") = "ProjectManagement.Logger.Interface", "ProjectManagement.Logger.Interface\ProjectManagement.Logger.Interface.csproj", "{CCA679F6-B77E-414E-869B-61039C1ACDE4}"
EndProject
Global
	GlobalSection(SolutionConfigurationPlatforms) = preSolution
		Debug|Any CPU = Debug|Any CPU
		Release|Any CPU = Release|Any CPU
	EndGlobalSection
	GlobalSection(ProjectConfigurationPlatforms) = postSolution
		{3FE828FE-FDB7-4F3F-8ADD-8A564699694A}.Debug|Any CPU.ActiveCfg = Debug|Any CPU
		{3FE828FE-FDB7-4F3F-8ADD-8A564699694A}.Debug|Any CPU.Build.0 = Debug|Any CPU
		{3FE828FE-FDB7-4F3F-8ADD-8A564699694A}.Release|Any CPU.ActiveCfg = Release|Any CPU
		{3FE828FE-FDB7-4F3F-8ADD-8A564699694A}.Release|Any CPU.Build.0 = Release|Any CPU
		{374C9C07-000C-40C7-88FA-A41F79618D61}.Debug|Any CPU.ActiveCfg = Debug|Any CPU
		{374C9C07-000C-40C7-88FA-A41F79618D61}.Debug|Any CPU.Build.0 = Debug|Any CPU
		{374C9C07-000C-40C7-88FA-A41F79618D61}.Release|Any CPU.ActiveCfg = Release|Any CPU
		{374C9C07-000C-40C7-88FA-A41F79618D61}.Release|Any CPU.Build.0 = Release|Any CPU
		{3F348C19-DC0E-4E3E-87E7-BD2B74A34532}.Debug|Any CPU.ActiveCfg = Debug|Any CPU
		{3F348C19-DC0E-4E3E-87E7-BD2B74A34532}.Debug|Any CPU.Build.0 = Debug|Any CPU
		{3F348C19-DC0E-4E3E-87E7-BD2B74A34532}.Release|Any CPU.ActiveCfg = Release|Any CPU
		{3F348C19-DC0E-4E3E-87E7-BD2B74A34532}.Release|Any CPU.Build.0 = Release|Any CPU
		{A9A97254-B95F-4CFB-A751-1A65A9F2F2AA}.Debug|Any CPU.ActiveCfg = Debug|Any CPU
		{A9A97254-B95F-4CFB-A751-1A65A9F2F2AA}.Debug|Any CPU.Build.0 = Debug|Any CPU
		{A9A97254-B95F-4CFB-A751-1A65A9F2F2AA}.Release|Any CPU.ActiveCfg = Release|Any CPU
		{A9A97254-B95F-4CFB-A751-1A65A9F2F2AA}.Release|Any CPU.Build.0 = Release|Any CPU
		{80139551-1826-42AC-B141-3F0CA5DB27B0}.Debug|Any CPU.ActiveCfg = Debug|Any CPU
		{80139551-1826-42AC-B141-3F0CA5DB27B0}.Debug|Any CPU.Build.0 = Debug|Any CPU
		{80139551-1826-42AC-B141-3F0CA5DB27B0}.Release|Any CPU.ActiveCfg = Release|Any CPU
		{80139551-1826-42AC-B141-3F0CA5DB27B0}.Release|Any CPU.Build.0 = Release|Any CPU
		{1A871E01-D8F1-4D70-9811-278A577D35A7}.Debug|Any CPU.ActiveCfg = Debug|Any CPU
		{1A871E01-D8F1-4D70-9811-278A577D35A7}.Debug|Any CPU.Build.0 = Debug|Any CPU
		{1A871E01-D8F1-4D70-9811-278A577D35A7}.Release|Any CPU.ActiveCfg = Release|Any CPU
		{1A871E01-D8F1-4D70-9811-278A577D35A7}.Release|Any CPU.Build.0 = Release|Any CPU
		{A8C1512E-2E37-42AC-8F3C-756F37D2A378}.Debug|Any CPU.ActiveCfg = Debug|Any CPU
		{A8C1512E-2E37-42AC-8F3C-756F37D2A378}.Debug|Any CPU.Build.0 = Debug|Any CPU
		{A8C1512E-2E37-42AC-8F3C-756F37D2A378}.Release|Any CPU.ActiveCfg = Release|Any CPU
		{A8C1512E-2E37-42AC-8F3C-756F37D2A378}.Release|Any CPU.Build.0 = Release|Any CPU
		{12571D29-3298-44BF-BE0C-9B114C9729DE}.Debug|Any CPU.ActiveCfg = Debug|Any CPU
		{12571D29-3298-44BF-BE0C-9B114C9729DE}.Debug|Any CPU.Build.0 = Debug|Any CPU
		{12571D29-3298-44BF-BE0C-9B114C9729DE}.Release|Any CPU.ActiveCfg = Release|Any CPU
		{12571D29-3298-44BF-BE0C-9B114C9729DE}.Release|Any CPU.Build.0 = Release|Any CPU
		{CCA679F6-B77E-414E-869B-61039C1ACDE4}.Debug|Any CPU.ActiveCfg = Debug|Any CPU
		{CCA679F6-B77E-414E-869B-61039C1ACDE4}.Debug|Any CPU.Build.0 = Debug|Any CPU
		{CCA679F6-B77E-414E-869B-61039C1ACDE4}.Release|Any CPU.ActiveCfg = Release|Any CPU
		{CCA679F6-B77E-414E-869B-61039C1ACDE4}.Release|Any CPU.Build.0 = Release|Any CPU
	EndGlobalSection
	GlobalSection(SolutionProperties) = preSolution
		HideSolutionNode = FALSE
	EndGlobalSection
EndGlobal
